{
    "name": "uView",
    "version": "1.8.6",
    "lockfileVersion": 2,
    "requires": true,
    "packages": {
        "": {
            "name": "uView",
            "version": "1.8.6",
            "license": "MIT",
            "dependencies": {
                "sm-crypto": "0.3.13",
                "uqrcodejs": "^4.0.7"
            }
        },
        "node_modules/jsbn": {
            "version": "1.1.0",
            "resolved": "https://registry.npmmirror.com/jsbn/-/jsbn-1.1.0.tgz",
            "integrity": "sha512-4bYVV3aAMtDTTu4+xsDYa6sy9GyJ69/amsu9sYF2zqjiEoZA5xJi3BrfX3uY+/IekIu7MwdObdbDWpoZdBv3/A=="
        },
        "node_modules/sm-crypto": {
            "version": "0.3.13",
            "resolved": "https://registry.npmmirror.com/sm-crypto/-/sm-crypto-0.3.13.tgz",
            "integrity": "sha512-ztNF+pZq6viCPMA1A6KKu3bgpkmYti5avykRHbcFIdSipFdkVmfUw2CnpM2kBJyppIalqvczLNM3wR8OQ0pT5w==",
            "dependencies": {
                "jsbn": "^1.1.0"
            }
        },
        "node_modules/uqrcodejs": {
            "version": "4.0.7",
            "resolved": "https://registry.npmmirror.com/uqrcodejs/-/uqrcodejs-4.0.7.tgz",
            "integrity": "sha512-84+aZmD2godCVI+93lxE3YUAPNY8zAJvNA7xRS7R7U+q57KzMDepBSfNCwoRUhWOfR6eHFoAOcHRPwsP6ka1cA==",
            "license": "Apache-2.0"
        }
    },
    "dependencies": {
        "jsbn": {
            "version": "1.1.0",
            "resolved": "https://registry.npmmirror.com/jsbn/-/jsbn-1.1.0.tgz",
            "integrity": "sha512-4bYVV3aAMtDTTu4+xsDYa6sy9GyJ69/amsu9sYF2zqjiEoZA5xJi3BrfX3uY+/IekIu7MwdObdbDWpoZdBv3/A=="
        },
        "sm-crypto": {
            "version": "0.3.13",
            "resolved": "https://registry.npmmirror.com/sm-crypto/-/sm-crypto-0.3.13.tgz",
            "integrity": "sha512-ztNF+pZq6viCPMA1A6KKu3bgpkmYti5avykRHbcFIdSipFdkVmfUw2CnpM2kBJyppIalqvczLNM3wR8OQ0pT5w==",
            "requires": {
                "jsbn": "^1.1.0"
            }
        },
        "uqrcodejs": {
            "version": "4.0.7",
            "resolved": "https://registry.npmmirror.com/uqrcodejs/-/uqrcodejs-4.0.7.tgz",
            "integrity": "sha512-84+aZmD2godCVI+93lxE3YUAPNY8zAJvNA7xRS7R7U+q57KzMDepBSfNCwoRUhWOfR6eHFoAOcHRPwsP6ka1cA=="
        }
    }
}
